
Microsoft Visual Studio Solution File, Format Version 12.00
# Visual Studio 15
VisualStudioVersion = 15.0.27428.2002
MinimumVisualStudioVersion = 10.0.40219.1
Project("{9A19103F-16F7-4668-BE54-9A1E7A4F7556}") = "ITI.Work", "ITI.Work\ITI.Work.csproj", "{9DE7F04A-51D2-460B-BD4F-708F582E2092}"
EndProject
Project("{9A19103F-16F7-4668-BE54-9A1E7A4F7556}") = "ITI.Work.Tests", "Tests\ITI.Work.Tests\ITI.Work.Tests.csproj", "{74AC17C1-A116-44E7-8E20-561F99728B1E}"
EndProject
Project("{2150E333-8FDC-42A3-9474-1A3956D46DE8}") = "Tests", "Tests", "{384455D2-8208-4E93-8FCE-6FD598241396}"
EndProject
Global
	GlobalSection(SolutionConfigurationPlatforms) = preSolution
		Debug|Any CPU = Debug|Any CPU
		Release|Any CPU = Release|Any CPU
	EndGlobalSection
	GlobalSection(ProjectConfigurationPlatforms) = postSolution
		{9DE7F04A-51D2-460B-BD4F-708F582E2092}.Debug|Any CPU.ActiveCfg = Debug|Any CPU
		{9DE7F04A-51D2-460B-BD4F-708F582E2092}.Debug|Any CPU.Build.0 = Debug|Any CPU
		{9DE7F04A-51D2-460B-BD4F-708F582E2092}.Release|Any CPU.ActiveCfg = Release|Any CPU
		{9DE7F04A-51D2-460B-BD4F-708F582E2092}.Release|Any CPU.Build.0 = Release|Any CPU
		{74AC17C1-A116-44E7-8E20-561F99728B1E}.Debug|Any CPU.ActiveCfg = Debug|Any CPU
		{74AC17C1-A116-44E7-8E20-561F99728B1E}.Debug|Any CPU.Build.0 = Debug|Any CPU
		{74AC17C1-A116-44E7-8E20-561F99728B1E}.Release|Any CPU.ActiveCfg = Release|Any CPU
		{74AC17C1-A116-44E7-8E20-561F99728B1E}.Release|Any CPU.Build.0 = Release|Any CPU
	EndGlobalSection
	GlobalSection(SolutionProperties) = preSolution
		HideSolutionNode = FALSE
	EndGlobalSection
	GlobalSection(NestedProjects) = preSolution
		{74AC17C1-A116-44E7-8E20-561F99728B1E} = {384455D2-8208-4E93-8FCE-6FD598241396}
	EndGlobalSection
	GlobalSection(ExtensibilityGlobals) = postSolution
		SolutionGuid = {AD20978C-6BA9-4620-BEA0-1F2213EA575E}
	EndGlobalSection
EndGlobal
